// !$*UTF8*$!
{
	archiveVersion = 1;
	classes = {
	};
	objectVersion = 50;
	objects = {

/* Begin PBXBuildFile section */
		AA867F71218C79A70000BD60 /* LibA.mm in Sources */ = {isa = PBXBuildFile; fileRef = AA867F70218C79A70000BD60 /* LibA.mm */; };
		AA867F72218C79A70000BD60 /* LibA.h in CopyFiles */ = {isa = PBXBuildFile; fileRef = AA867F6F218C79A70000BD60 /* LibA.h */; };
		AA867F7A218C79CC0000BD60 /* ZXXMenu.cpp in Sources */ = {isa = PBXBuildFile; fileRef = AA867F78218C79CB0000BD60 /* ZXXMenu.cpp */; };
		AA867FC7218C7D1B0000BD60 /* LibA.h in Headers */ = {isa = PBXBuildFile; fileRef = AA867F6F218C79A70000BD60 /* LibA.h */; settings = {ATTRIBUTES = (Public, ); }; };
		AA867FCB218C7DA20000BD60 /* ZXXMenu_1.h in Headers */ = {isa = PBXBuildFile; fileRef = AA867F79218C79CC0000BD60 /* ZXXMenu_1.h */; };
		AA867FF4218C8C3F0000BD60 /* ZXXMenu_1.cpp in Sources */ = {isa = PBXBuildFile; fileRef = AA867FF3218C8C3F0000BD60 /* ZXXMenu_1.cpp */; };
/* End PBXBuildFile section */

/* Begin PBXCopyFilesBuildPhase section */
		AA867F6A218C79A70000BD60 /* CopyFiles */ = {
			isa = PBXCopyFilesBuildPhase;
			buildActionMask = 2147483647;
			dstPath = "include/$(PRODUCT_NAME)";
			dstSubfolderSpec = 16;
			files = (
				AA867F72218C79A70000BD60 /* LibA.h in CopyFiles */,
			);
			runOnlyForDeploymentPostprocessing = 0;
		};
/* End PBXCopyFilesBuildPhase section */

/* Begin PBXFileReference section */
		AA867F6C218C79A70000BD60 /* libLibA.a */ = {isa = PBXFileReference; explicitFileType = archive.ar; includeInIndex = 0; path = libLibA.a; sourceTree = BUILT_PRODUCTS_DIR; };
		AA867F6F218C79A70000BD60 /* LibA.h */ = {isa = PBXFileReference; lastKnownFileType = sourcecode.c.h; path = LibA.h; sourceTree = "<group>"; };
		AA867F70218C79A70000BD60 /* LibA.mm */ = {isa = PBXFileReference; lastKnownFileType = sourcecode.cpp.objcpp; path = LibA.mm; sourceTree = "<group>"; };
		AA867F78218C79CB0000BD60 /* ZXXMenu.cpp */ = {isa = PBXFileReference; fileEncoding = 4; lastKnownFileType = sourcecode.cpp.cpp; path = ZXXMenu.cpp; sourceTree = SOURCE_ROOT; };
		AA867F79218C79CC0000BD60 /* ZXXMenu_1.h */ = {isa = PBXFileReference; fileEncoding = 4; lastKnownFileType = sourcecode.c.h; path = ZXXMenu_1.h; sourceTree = SOURCE_ROOT; };
		AA867FF3218C8C3F0000BD60 /* ZXXMenu_1.cpp */ = {isa = PBXFileReference; lastKnownFileType = sourcecode.cpp.cpp; path = ZXXMenu_1.cpp; sourceTree = "<group>"; };
/* End PBXFileReference section */

/* Begin PBXFrameworksBuildPhase section */
		AA867F69218C79A70000BD60 /* Frameworks */ = {
			isa = PBXFrameworksBuildPhase;
			buildActionMask = 2147483647;
			files = (
			);
			runOnlyForDeploymentPostprocessing = 0;
		};
/* End PBXFrameworksBuildPhase section */

/* Begin PBXGroup section */
		AA867F63218C79A70000BD60 = {
			isa = PBXGroup;
			children = (
				AA867F6E218C79A70000BD60 /* LibA */,
				AA867F6D218C79A70000BD60 /* Products */,
			);
			sourceTree = "<group>";
		};
		AA867F6D218C79A70000BD60 /* Products */ = {
			isa = PBXGroup;
			children = (
				AA867F6C218C79A70000BD60 /* libLibA.a */,
			);
			name = Products;
			sourceTree = "<group>";
		};
		AA867F6E218C79A70000BD60 /* LibA */ = {
			isa = PBXGroup;
			children = (
				AA867F6F218C79A70000BD60 /* LibA.h */,
				AA867F70218C79A70000BD60 /* LibA.mm */,
				AA867F78218C79CB0000BD60 /* ZXXMenu.cpp */,
				AA867F79218C79CC0000BD60 /* ZXXMenu_1.h */,
				AA867FF3218C8C3F0000BD60 /* ZXXMenu_1.cpp */,
			);
			path = LibA;
			sourceTree = "<group>";
		};
/* End PBXGroup section */

/* Begin PBXHeadersBuildPhase section */
		AA867FC5218C7CEF0000BD60 /* Headers */ = {
			isa = PBXHeadersBuildPhase;
			buildActionMask = 2147483647;
			files = (
				AA867FC7218C7D1B0000BD60 /* LibA.h in Headers */,
				AA867FCB218C7DA20000BD60 /* ZXXMenu_1.h in Headers */,
			);
			runOnlyForDeploymentPostprocessing = 0;
		};
/* End PBXHeadersBuildPhase section */

/* Begin PBXNativeTarget section */
		AA867F6B218C79A70000BD60 /* LibA */ = {
			isa = PBXNativeTarget;
			buildConfigurationList = AA867F75218C79A70000BD60 /* Build configuration list for PBXNativeTarget "LibA" */;
			buildPhases = (
				AA867F68218C79A70000BD60 /* Sources */,
				AA867F69218C79A70000BD60 /* Frameworks */,
				AA867F6A218C79A70000BD60 /* CopyFiles */,
				AA867FC5218C7CEF0000BD60 /* Headers */,
			);
			buildRules = (
			);
			dependencies = (
			);
			name = LibA;
			productName = LibA;
			productReference = AA867F6C218C79A70000BD60 /* libLibA.a */;
			productType = "com.apple.product-type.library.static";
		};
/* End PBXNativeTarget section */

/* Begin PBXProject section */
		AA867F64218C79A70000BD60 /* Project object */ = {
			isa = PBXProject;
			attributes = {
				LastUpgradeCheck = 0940;
				ORGANIZATIONNAME = For_Minho;
				TargetAttributes = {
					AA867F6B218C79A70000BD60 = {
						CreatedOnToolsVersion = 9.4.1;
					};
				};
			};
			buildConfigurationList = AA867F67218C79A70000BD60 /* Build configuration list for PBXProject "LibA" */;
			compatibilityVersion = "Xcode 9.3";
			developmentRegion = en;
			hasScannedForEncodings = 0;
			knownRegions = (
				en,
			);
			mainGroup = AA867F63218C79A70000BD60;
			productRefGroup = AA867F6D218C79A70000BD60 /* Products */;
			projectDirPath = "";
			projectRoot = "";
			targets = (
				AA867F6B218C79A70000BD60 /* LibA */,
			);
		};
/* End PBXProject section */

/* Begin PBXSourcesBuildPhase section */
		AA867F68218C79A70000BD60 /* Sources */ = {
			isa = PBXSourcesBuildPhase;
			buildActionMask = 2147483647;
			files = (
				AA867F71218C79A70000BD60 /* LibA.mm in Sources */,
				AA867F7A218C79CC0000BD60 /* ZXXMenu.cpp in Sources */,
				AA867FF4218C8C3F0000BD60 /* ZXXMenu_1.cpp in Sources */,
			);
			runOnlyForDeploymentPostprocessing = 0;
		};
/* End PBXSourcesBuildPhase section */

/* Begin XCBuildConfiguration section */
		AA867F73218C79A70000BD60 /* Debug */ = {
			isa = XCBuildConfiguration;
			buildSettings = {
				ALWAYS_SEARCH_USER_PATHS = NO;
				CLANG_ANALYZER_NONNULL = YES;
				CLANG_ANALYZER_NUMBER_OBJECT_CONVERSION = YES_AGGRESSIVE;
				CLANG_CXX_LANGUAGE_STANDARD = "gnu++14";
				CLANG_CXX_LIBRARY = "libc++";
				CLANG_ENABLE_MODULES = YES;
				CLANG_ENABLE_OBJC_ARC = YES;
				CLANG_ENABLE_OBJC_WEAK = YES;
				CLANG_WARN_BLOCK_CAPTURE_AUTORELEASING = YES;
				CLANG_WARN_BOOL_CONVERSION = YES;
				CLANG_WARN_COMMA = YES;
				CLANG_WARN_CONSTANT_CONVERSION = YES;
				CLANG_WARN_DEPRECATED_OBJC_IMPLEMENTATIONS = YES;
				CLANG_WARN_DIRECT_OBJC_ISA_USAGE = YES_ERROR;
				CLANG_WARN_DOCUMENTATION_COMMENTS = YES;
				CLANG_WARN_EMPTY_BODY = YES;
				CLANG_WARN_ENUM_CONVERSION = YES;
				CLANG_WARN_INFINITE_RECURSION = YES;
				CLANG_WARN_INT_CONVERSION = YES;
				CLANG_WARN_NON_LITERAL_NULL_CONVERSION = YES;
				CLANG_WARN_OBJC_IMPLICIT_RETAIN_SELF = YES;
				CLANG_WARN_OBJC_LITERAL_CONVERSION = YES;
				CLANG_WARN_OBJC_ROOT_CLASS = YES_ERROR;
				CLANG_WARN_RANGE_LOOP_ANALYSIS = YES;
				CLANG_WARN_STRICT_PROTOTYPES = YES;
				CLANG_WARN_SUSPICIOUS_MOVE = YES;
				CLANG_WARN_UNGUARDED_AVAILABILITY = YES_AGGRESSIVE;
				CLANG_WARN_UNREACHABLE_CODE = YES;
				CLANG_WARN__DUPLICATE_METHOD_MATCH = YES;
				CODE_SIGN_IDENTITY = "iPhone Developer";
				COPY_PHASE_STRIP = NO;
				DEBUG_INFORMATION_FORMAT = dwarf;
				ENABLE_STRICT_OBJC_MSGSEND = YES;
				ENABLE_TESTABILITY = YES;
				GCC_C_LANGUAGE_STANDARD = gnu11;
				GCC_DYNAMIC_NO_PIC = NO;
				GCC_NO_COMMON_BLOCKS = YES;
				GCC_OPTIMIZATION_LEVEL = 0;
				GCC_PREPROCESSOR_DEFINITIONS = (
					"DEBUG=1",
					"$(inherited)",
				);
				GCC_WARN_64_TO_32_BIT_CONVERSION = YES;
				GCC_WARN_ABOUT_RETURN_TYPE = YES_ERROR;
				GCC_WARN_UNDECLARED_SELECTOR = YES;
				GCC_WARN_UNINITIALIZED_AUTOS = YES_AGGRESSIVE;
				GCC_WARN_UNUSED_FUNCTION = YES;
				GCC_WARN_UNUSED_VARIABLE = YES;
				IPHONEOS_DEPLOYMENT_TARGET = 11.4;
				MTL_ENABLE_DEBUG_INFO = YES;
				ONLY_ACTIVE_ARCH = YES;
				SDKROOT = iphoneos;
			};
			name = Debug;
		};
		AA867F74218C79A70000BD60 /* Release */ = {
			isa = XCBuildConfiguration;
			buildSettings = {
				ALWAYS_SEARCH_USER_PATHS = NO;
				CLANG_ANALYZER_NONNULL = YES;
				CLANG_ANALYZER_NUMBER_OBJECT_CONVERSION = YES_AGGRESSIVE;
				CLANG_CXX_LANGUAGE_STANDARD = "gnu++14";
				CLANG_CXX_LIBRARY = "libc++";
				CLANG_ENABLE_MODULES = YES;
				CLANG_ENABLE_OBJC_ARC = YES;
				CLANG_ENABLE_OBJC_WEAK = YES;
				CLANG_WARN_BLOCK_CAPTURE_AUTORELEASING = YES;
				CLANG_WARN_BOOL_CONVERSION = YES;
				CLANG_WARN_COMMA = YES;
				CLANG_WARN_CONSTANT_CONVERSION = YES;
				CLANG_WARN_DEPRECATED_OBJC_IMPLEMENTATIONS = YES;
				CLANG_WARN_DIRECT_OBJC_ISA_USAGE = YES_ERROR;
				CLANG_WARN_DOCUMENTATION_COMMENTS = YES;
				CLANG_WARN_EMPTY_BODY = YES;
				CLANG_WARN_ENUM_CONVERSION = YES;
				CLANG_WARN_INFINITE_RECURSION = YES;
				CLANG_WARN_INT_CONVERSION = YES;
				CLANG_WARN_NON_LITERAL_NULL_CONVERSION = YES;
				CLANG_WARN_OBJC_IMPLICIT_RETAIN_SELF = YES;
				CLANG_WARN_OBJC_LITERAL_CONVERSION = YES;
				CLANG_WARN_OBJC_ROOT_CLASS = YES_ERROR;
				CLANG_WARN_RANGE_LOOP_ANALYSIS = YES;
				CLANG_WARN_STRICT_PROTOTYPES = YES;
				CLANG_WARN_SUSPICIOUS_MOVE = YES;
				CLANG_WARN_UNGUARDED_AVAILABILITY = YES_AGGRESSIVE;
				CLANG_WARN_UNREACHABLE_CODE = YES;
				CLANG_WARN__DUPLICATE_METHOD_MATCH = YES;
				CODE_SIGN_IDENTITY = "iPhone Developer";
				COPY_PHASE_STRIP = NO;
				DEBUG_INFORMATION_FORMAT = "dwarf-with-dsym";
				ENABLE_NS_ASSERTIONS = NO;
				ENABLE_STRICT_OBJC_MSGSEND = YES;
				GCC_C_LANGUAGE_STANDARD = gnu11;
				GCC_NO_COMMON_BLOCKS = YES;
				GCC_WARN_64_TO_32_BIT_CONVERSION = YES;
				GCC_WARN_ABOUT_RETURN_TYPE = YES_ERROR;
				GCC_WARN_UNDECLARED_SELECTOR = YES;
				GCC_WARN_UNINITIALIZED_AUTOS = YES_AGGRESSIVE;
				GCC_WARN_UNUSED_FUNCTION = YES;
				GCC_WARN_UNUSED_VARIABLE = YES;
				IPHONEOS_DEPLOYMENT_TARGET = 11.4;
				MTL_ENABLE_DEBUG_INFO = NO;
				SDKROOT = iphoneos;
				VALIDATE_PRODUCT = YES;
			};
			name = Release;
		};
		AA867F76218C79A70000BD60 /* Debug */ = {
			isa = XCBuildConfiguration;
			buildSettings = {
				CODE_SIGN_STYLE = Automatic;
				ONLY_ACTIVE_ARCH = NO;
				OTHER_LDFLAGS = "-ObjC";
				PRODUCT_NAME = "$(TARGET_NAME)";
				SKIP_INSTALL = YES;
				TARGETED_DEVICE_FAMILY = "1,2";
			};
			name = Debug;
		};
		AA867F77218C79A70000BD60 /* Release */ = {
			isa = XCBuildConfiguration;
			buildSettings = {
				CODE_SIGN_STYLE = Automatic;
				OTHER_LDFLAGS = "-ObjC";
				PRODUCT_NAME = "$(TARGET_NAME)";
				SKIP_INSTALL = YES;
				TARGETED_DEVICE_FAMILY = "1,2";
			};
			name = Release;
		};
/* End XCBuildConfiguration section */

/* Begin XCConfigurationList section */
		AA867F67218C79A70000BD60 /* Build configuration list for PBXProject "LibA" */ = {
			isa = XCConfigurationList;
			buildConfigurations = (
				AA867F73218C79A70000BD60 /* Debug */,
				AA867F74218C79A70000BD60 /* Release */,
			);
			defaultConfigurationIsVisible = 0;
			defaultConfigurationName = Release;
		};
		AA867F75218C79A70000BD60 /* Build configuration list for PBXNativeTarget "LibA" */ = {
			isa = XCConfigurationList;
			buildConfigurations = (
				AA867F76218C79A70000BD60 /* Debug */,
				AA867F77218C79A70000BD60 /* Release */,
			);
			defaultConfigurationIsVisible = 0;
			defaultConfigurationName = Release;
		};
/* End XCConfigurationList section */
	};
	rootObject = AA867F64218C79A70000BD60 /* Project object */;
}
