// !$*UTF8*$!
{
	archiveVersion = 1;
	classes = {
	};
	objectVersion = 50;
	objects = {

/* Begin PBXBuildFile section */
		AA867F8F218C7ABE0000BD60 /* AppDelegate.mm in Sources */ = {isa = PBXBuildFile; fileRef = AA867F8E218C7ABE0000BD60 /* AppDelegate.mm */; };
		AA867F92218C7ABE0000BD60 /* ViewController.mm in Sources */ = {isa = PBXBuildFile; fileRef = AA867F91218C7ABE0000BD60 /* ViewController.mm */; };
		AA867F95218C7ABE0000BD60 /* Main.storyboard in Resources */ = {isa = PBXBuildFile; fileRef = AA867F93218C7ABE0000BD60 /* Main.storyboard */; };
		AA867F97218C7ABE0000BD60 /* Assets.xcassets in Resources */ = {isa = PBXBuildFile; fileRef = AA867F96218C7ABE0000BD60 /* Assets.xcassets */; };
		AA867F9A218C7ABE0000BD60 /* LaunchScreen.storyboard in Resources */ = {isa = PBXBuildFile; fileRef = AA867F98218C7ABE0000BD60 /* LaunchScreen.storyboard */; };
		AA867F9D218C7ABE0000BD60 /* main.m in Sources */ = {isa = PBXBuildFile; fileRef = AA867F9C218C7ABE0000BD60 /* main.m */; };
		AA867FA7218C7ABE0000BD60 /* TestDemoTests.m in Sources */ = {isa = PBXBuildFile; fileRef = AA867FA6218C7ABE0000BD60 /* TestDemoTests.m */; };
		AA867FB2218C7ABE0000BD60 /* TestDemoUITests.m in Sources */ = {isa = PBXBuildFile; fileRef = AA867FB1218C7ABE0000BD60 /* TestDemoUITests.m */; };
		AA868004218C975E0000BD60 /* libLibA.a in Frameworks */ = {isa = PBXBuildFile; fileRef = AA868003218C975E0000BD60 /* libLibA.a */; };
		AA868006218C97870000BD60 /* libLibB.a in Frameworks */ = {isa = PBXBuildFile; fileRef = AA868005218C97870000BD60 /* libLibB.a */; };
/* End PBXBuildFile section */

/* Begin PBXContainerItemProxy section */
		AA867FA3218C7ABE0000BD60 /* PBXContainerItemProxy */ = {
			isa = PBXContainerItemProxy;
			containerPortal = AA867F82218C7ABE0000BD60 /* Project object */;
			proxyType = 1;
			remoteGlobalIDString = AA867F89218C7ABE0000BD60;
			remoteInfo = TestDemo;
		};
		AA867FAE218C7ABE0000BD60 /* PBXContainerItemProxy */ = {
			isa = PBXContainerItemProxy;
			containerPortal = AA867F82218C7ABE0000BD60 /* Project object */;
			proxyType = 1;
			remoteGlobalIDString = AA867F89218C7ABE0000BD60;
			remoteInfo = TestDemo;
		};
/* End PBXContainerItemProxy section */

/* Begin PBXFileReference section */
		AA867F8A218C7ABE0000BD60 /* TestDemo.app */ = {isa = PBXFileReference; explicitFileType = wrapper.application; includeInIndex = 0; path = TestDemo.app; sourceTree = BUILT_PRODUCTS_DIR; };
		AA867F8D218C7ABE0000BD60 /* AppDelegate.h */ = {isa = PBXFileReference; lastKnownFileType = sourcecode.c.h; path = AppDelegate.h; sourceTree = "<group>"; };
		AA867F8E218C7ABE0000BD60 /* AppDelegate.mm */ = {isa = PBXFileReference; lastKnownFileType = sourcecode.cpp.objcpp; path = AppDelegate.mm; sourceTree = "<group>"; };
		AA867F90218C7ABE0000BD60 /* ViewController.h */ = {isa = PBXFileReference; lastKnownFileType = sourcecode.c.h; path = ViewController.h; sourceTree = "<group>"; };
		AA867F91218C7ABE0000BD60 /* ViewController.mm */ = {isa = PBXFileReference; lastKnownFileType = sourcecode.cpp.objcpp; path = ViewController.mm; sourceTree = "<group>"; };
		AA867F94218C7ABE0000BD60 /* Base */ = {isa = PBXFileReference; lastKnownFileType = file.storyboard; name = Base; path = Base.lproj/Main.storyboard; sourceTree = "<group>"; };
		AA867F96218C7ABE0000BD60 /* Assets.xcassets */ = {isa = PBXFileReference; lastKnownFileType = folder.assetcatalog; path = Assets.xcassets; sourceTree = "<group>"; };
		AA867F99218C7ABE0000BD60 /* Base */ = {isa = PBXFileReference; lastKnownFileType = file.storyboard; name = Base; path = Base.lproj/LaunchScreen.storyboard; sourceTree = "<group>"; };
		AA867F9B218C7ABE0000BD60 /* Info.plist */ = {isa = PBXFileReference; lastKnownFileType = text.plist.xml; path = Info.plist; sourceTree = "<group>"; };
		AA867F9C218C7ABE0000BD60 /* main.m */ = {isa = PBXFileReference; lastKnownFileType = sourcecode.c.objc; path = main.m; sourceTree = "<group>"; };
		AA867FA2218C7ABE0000BD60 /* TestDemoTests.xctest */ = {isa = PBXFileReference; explicitFileType = wrapper.cfbundle; includeInIndex = 0; path = TestDemoTests.xctest; sourceTree = BUILT_PRODUCTS_DIR; };
		AA867FA6218C7ABE0000BD60 /* TestDemoTests.m */ = {isa = PBXFileReference; lastKnownFileType = sourcecode.c.objc; path = TestDemoTests.m; sourceTree = "<group>"; };
		AA867FA8218C7ABE0000BD60 /* Info.plist */ = {isa = PBXFileReference; lastKnownFileType = text.plist.xml; path = Info.plist; sourceTree = "<group>"; };
		AA867FAD218C7ABE0000BD60 /* TestDemoUITests.xctest */ = {isa = PBXFileReference; explicitFileType = wrapper.cfbundle; includeInIndex = 0; path = TestDemoUITests.xctest; sourceTree = BUILT_PRODUCTS_DIR; };
		AA867FB1218C7ABE0000BD60 /* TestDemoUITests.m */ = {isa = PBXFileReference; lastKnownFileType = sourcecode.c.objc; path = TestDemoUITests.m; sourceTree = "<group>"; };
		AA867FB3218C7ABE0000BD60 /* Info.plist */ = {isa = PBXFileReference; lastKnownFileType = text.plist.xml; path = Info.plist; sourceTree = "<group>"; };
		AA868001218C96640000BD60 /* LibA.h */ = {isa = PBXFileReference; lastKnownFileType = sourcecode.c.h; path = LibA.h; sourceTree = "<group>"; };
		AA868002218C96CA0000BD60 /* LibB.h */ = {isa = PBXFileReference; lastKnownFileType = sourcecode.c.h; path = LibB.h; sourceTree = "<group>"; };
		AA868003218C975E0000BD60 /* libLibA.a */ = {isa = PBXFileReference; lastKnownFileType = archive.ar; path = libLibA.a; sourceTree = "<group>"; };
		AA868005218C97870000BD60 /* libLibB.a */ = {isa = PBXFileReference; lastKnownFileType = archive.ar; path = libLibB.a; sourceTree = "<group>"; };
/* End PBXFileReference section */

/* Begin PBXFrameworksBuildPhase section */
		AA867F87218C7ABE0000BD60 /* Frameworks */ = {
			isa = PBXFrameworksBuildPhase;
			buildActionMask = 2147483647;
			files = (
				AA868006218C97870000BD60 /* libLibB.a in Frameworks */,
				AA868004218C975E0000BD60 /* libLibA.a in Frameworks */,
			);
			runOnlyForDeploymentPostprocessing = 0;
		};
		AA867F9F218C7ABE0000BD60 /* Frameworks */ = {
			isa = PBXFrameworksBuildPhase;
			buildActionMask = 2147483647;
			files = (
			);
			runOnlyForDeploymentPostprocessing = 0;
		};
		AA867FAA218C7ABE0000BD60 /* Frameworks */ = {
			isa = PBXFrameworksBuildPhase;
			buildActionMask = 2147483647;
			files = (
			);
			runOnlyForDeploymentPostprocessing = 0;
		};
/* End PBXFrameworksBuildPhase section */

/* Begin PBXGroup section */
		AA867F81218C7ABE0000BD60 = {
			isa = PBXGroup;
			children = (
				AA867FF5218C8CCF0000BD60 /* LibA */,
				AA867FF6218C8CD40000BD60 /* LibB */,
				AA867F8B218C7ABE0000BD60 /* Products */,
				AA867F8C218C7ABE0000BD60 /* TestDemo */,
				AA867FA5218C7ABE0000BD60 /* TestDemoTests */,
				AA867FB0218C7ABE0000BD60 /* TestDemoUITests */,
			);
			sourceTree = "<group>";
		};
		AA867F8B218C7ABE0000BD60 /* Products */ = {
			isa = PBXGroup;
			children = (
				AA867F8A218C7ABE0000BD60 /* TestDemo.app */,
				AA867FA2218C7ABE0000BD60 /* TestDemoTests.xctest */,
				AA867FAD218C7ABE0000BD60 /* TestDemoUITests.xctest */,
			);
			name = Products;
			sourceTree = "<group>";
		};
		AA867F8C218C7ABE0000BD60 /* TestDemo */ = {
			isa = PBXGroup;
			children = (
				AA867F8D218C7ABE0000BD60 /* AppDelegate.h */,
				AA867F8E218C7ABE0000BD60 /* AppDelegate.mm */,
				AA867F90218C7ABE0000BD60 /* ViewController.h */,
				AA867F91218C7ABE0000BD60 /* ViewController.mm */,
				AA867F93218C7ABE0000BD60 /* Main.storyboard */,
				AA867F96218C7ABE0000BD60 /* Assets.xcassets */,
				AA867F98218C7ABE0000BD60 /* LaunchScreen.storyboard */,
				AA867F9B218C7ABE0000BD60 /* Info.plist */,
				AA867F9C218C7ABE0000BD60 /* main.m */,
			);
			path = TestDemo;
			sourceTree = "<group>";
		};
		AA867FA5218C7ABE0000BD60 /* TestDemoTests */ = {
			isa = PBXGroup;
			children = (
				AA867FA6218C7ABE0000BD60 /* TestDemoTests.m */,
				AA867FA8218C7ABE0000BD60 /* Info.plist */,
			);
			path = TestDemoTests;
			sourceTree = "<group>";
		};
		AA867FB0218C7ABE0000BD60 /* TestDemoUITests */ = {
			isa = PBXGroup;
			children = (
				AA867FB1218C7ABE0000BD60 /* TestDemoUITests.m */,
				AA867FB3218C7ABE0000BD60 /* Info.plist */,
			);
			path = TestDemoUITests;
			sourceTree = "<group>";
		};
		AA867FF5218C8CCF0000BD60 /* LibA */ = {
			isa = PBXGroup;
			children = (
				AA868003218C975E0000BD60 /* libLibA.a */,
				AA868001218C96640000BD60 /* LibA.h */,
			);
			path = LibA;
			sourceTree = "<group>";
		};
		AA867FF6218C8CD40000BD60 /* LibB */ = {
			isa = PBXGroup;
			children = (
				AA868005218C97870000BD60 /* libLibB.a */,
				AA868002218C96CA0000BD60 /* LibB.h */,
			);
			path = LibB;
			sourceTree = "<group>";
		};
/* End PBXGroup section */

/* Begin PBXNativeTarget section */
		AA867F89218C7ABE0000BD60 /* TestDemo */ = {
			isa = PBXNativeTarget;
			buildConfigurationList = AA867FB6218C7ABE0000BD60 /* Build configuration list for PBXNativeTarget "TestDemo" */;
			buildPhases = (
				AA867F86218C7ABE0000BD60 /* Sources */,
				AA867F87218C7ABE0000BD60 /* Frameworks */,
				AA867F88218C7ABE0000BD60 /* Resources */,
			);
			buildRules = (
			);
			dependencies = (
			);
			name = TestDemo;
			productName = TestDemo;
			productReference = AA867F8A218C7ABE0000BD60 /* TestDemo.app */;
			productType = "com.apple.product-type.application";
		};
		AA867FA1218C7ABE0000BD60 /* TestDemoTests */ = {
			isa = PBXNativeTarget;
			buildConfigurationList = AA867FB9218C7ABE0000BD60 /* Build configuration list for PBXNativeTarget "TestDemoTests" */;
			buildPhases = (
				AA867F9E218C7ABE0000BD60 /* Sources */,
				AA867F9F218C7ABE0000BD60 /* Frameworks */,
				AA867FA0218C7ABE0000BD60 /* Resources */,
			);
			buildRules = (
			);
			dependencies = (
				AA867FA4218C7ABE0000BD60 /* PBXTargetDependency */,
			);
			name = TestDemoTests;
			productName = TestDemoTests;
			productReference = AA867FA2218C7ABE0000BD60 /* TestDemoTests.xctest */;
			productType = "com.apple.product-type.bundle.unit-test";
		};
		AA867FAC218C7ABE0000BD60 /* TestDemoUITests */ = {
			isa = PBXNativeTarget;
			buildConfigurationList = AA867FBC218C7ABE0000BD60 /* Build configuration list for PBXNativeTarget "TestDemoUITests" */;
			buildPhases = (
				AA867FA9218C7ABE0000BD60 /* Sources */,
				AA867FAA218C7ABE0000BD60 /* Frameworks */,
				AA867FAB218C7ABE0000BD60 /* Resources */,
			);
			buildRules = (
			);
			dependencies = (
				AA867FAF218C7ABE0000BD60 /* PBXTargetDependency */,
			);
			name = TestDemoUITests;
			productName = TestDemoUITests;
			productReference = AA867FAD218C7ABE0000BD60 /* TestDemoUITests.xctest */;
			productType = "com.apple.product-type.bundle.ui-testing";
		};
/* End PBXNativeTarget section */

/* Begin PBXProject section */
		AA867F82218C7ABE0000BD60 /* Project object */ = {
			isa = PBXProject;
			attributes = {
				LastUpgradeCheck = 0940;
				ORGANIZATIONNAME = For_Minho;
				TargetAttributes = {
					AA867F89218C7ABE0000BD60 = {
						CreatedOnToolsVersion = 9.4.1;
					};
					AA867FA1218C7ABE0000BD60 = {
						CreatedOnToolsVersion = 9.4.1;
						TestTargetID = AA867F89218C7ABE0000BD60;
					};
					AA867FAC218C7ABE0000BD60 = {
						CreatedOnToolsVersion = 9.4.1;
						TestTargetID = AA867F89218C7ABE0000BD60;
					};
				};
			};
			buildConfigurationList = AA867F85218C7ABE0000BD60 /* Build configuration list for PBXProject "TestDemo" */;
			compatibilityVersion = "Xcode 9.3";
			developmentRegion = en;
			hasScannedForEncodings = 0;
			knownRegions = (
				en,
				Base,
			);
			mainGroup = AA867F81218C7ABE0000BD60;
			productRefGroup = AA867F8B218C7ABE0000BD60 /* Products */;
			projectDirPath = "";
			projectRoot = "";
			targets = (
				AA867F89218C7ABE0000BD60 /* TestDemo */,
				AA867FA1218C7ABE0000BD60 /* TestDemoTests */,
				AA867FAC218C7ABE0000BD60 /* TestDemoUITests */,
			);
		};
/* End PBXProject section */

/* Begin PBXResourcesBuildPhase section */
		AA867F88218C7ABE0000BD60 /* Resources */ = {
			isa = PBXResourcesBuildPhase;
			buildActionMask = 2147483647;
			files = (
				AA867F9A218C7ABE0000BD60 /* LaunchScreen.storyboard in Resources */,
				AA867F97218C7ABE0000BD60 /* Assets.xcassets in Resources */,
				AA867F95218C7ABE0000BD60 /* Main.storyboard in Resources */,
			);
			runOnlyForDeploymentPostprocessing = 0;
		};
		AA867FA0218C7ABE0000BD60 /* Resources */ = {
			isa = PBXResourcesBuildPhase;
			buildActionMask = 2147483647;
			files = (
			);
			runOnlyForDeploymentPostprocessing = 0;
		};
		AA867FAB218C7ABE0000BD60 /* Resources */ = {
			isa = PBXResourcesBuildPhase;
			buildActionMask = 2147483647;
			files = (
			);
			runOnlyForDeploymentPostprocessing = 0;
		};
/* End PBXResourcesBuildPhase section */

/* Begin PBXSourcesBuildPhase section */
		AA867F86218C7ABE0000BD60 /* Sources */ = {
			isa = PBXSourcesBuildPhase;
			buildActionMask = 2147483647;
			files = (
				AA867F92218C7ABE0000BD60 /* ViewController.mm in Sources */,
				AA867F9D218C7ABE0000BD60 /* main.m in Sources */,
				AA867F8F218C7ABE0000BD60 /* AppDelegate.mm in Sources */,
			);
			runOnlyForDeploymentPostprocessing = 0;
		};
		AA867F9E218C7ABE0000BD60 /* Sources */ = {
			isa = PBXSourcesBuildPhase;
			buildActionMask = 2147483647;
			files = (
				AA867FA7218C7ABE0000BD60 /* TestDemoTests.m in Sources */,
			);
			runOnlyForDeploymentPostprocessing = 0;
		};
		AA867FA9218C7ABE0000BD60 /* Sources */ = {
			isa = PBXSourcesBuildPhase;
			buildActionMask = 2147483647;
			files = (
				AA867FB2218C7ABE0000BD60 /* TestDemoUITests.m in Sources */,
			);
			runOnlyForDeploymentPostprocessing = 0;
		};
/* End PBXSourcesBuildPhase section */

/* Begin PBXTargetDependency section */
		AA867FA4218C7ABE0000BD60 /* PBXTargetDependency */ = {
			isa = PBXTargetDependency;
			target = AA867F89218C7ABE0000BD60 /* TestDemo */;
			targetProxy = AA867FA3218C7ABE0000BD60 /* PBXContainerItemProxy */;
		};
		AA867FAF218C7ABE0000BD60 /* PBXTargetDependency */ = {
			isa = PBXTargetDependency;
			target = AA867F89218C7ABE0000BD60 /* TestDemo */;
			targetProxy = AA867FAE218C7ABE0000BD60 /* PBXContainerItemProxy */;
		};
/* End PBXTargetDependency section */

/* Begin PBXVariantGroup section */
		AA867F93218C7ABE0000BD60 /* Main.storyboard */ = {
			isa = PBXVariantGroup;
			children = (
				AA867F94218C7ABE0000BD60 /* Base */,
			);
			name = Main.storyboard;
			sourceTree = "<group>";
		};
		AA867F98218C7ABE0000BD60 /* LaunchScreen.storyboard */ = {
			isa = PBXVariantGroup;
			children = (
				AA867F99218C7ABE0000BD60 /* Base */,
			);
			name = LaunchScreen.storyboard;
			sourceTree = "<group>";
		};
/* End PBXVariantGroup section */

/* Begin XCBuildConfiguration section */
		AA867FB4218C7ABE0000BD60 /* Debug */ = {
			isa = XCBuildConfiguration;
			buildSettings = {
				ALWAYS_SEARCH_USER_PATHS = NO;
				CLANG_ANALYZER_NONNULL = YES;
				CLANG_ANALYZER_NUMBER_OBJECT_CONVERSION = YES_AGGRESSIVE;
				CLANG_CXX_LANGUAGE_STANDARD = "gnu++14";
				CLANG_CXX_LIBRARY = "libc++";
				CLANG_ENABLE_MODULES = YES;
				CLANG_ENABLE_OBJC_ARC = YES;
				CLANG_ENABLE_OBJC_WEAK = YES;
				CLANG_WARN_BLOCK_CAPTURE_AUTORELEASING = YES;
				CLANG_WARN_BOOL_CONVERSION = YES;
				CLANG_WARN_COMMA = YES;
				CLANG_WARN_CONSTANT_CONVERSION = YES;
				CLANG_WARN_DEPRECATED_OBJC_IMPLEMENTATIONS = YES;
				CLANG_WARN_DIRECT_OBJC_ISA_USAGE = YES_ERROR;
				CLANG_WARN_DOCUMENTATION_COMMENTS = YES;
				CLANG_WARN_EMPTY_BODY = YES;
				CLANG_WARN_ENUM_CONVERSION = YES;
				CLANG_WARN_INFINITE_RECURSION = YES;
				CLANG_WARN_INT_CONVERSION = YES;
				CLANG_WARN_NON_LITERAL_NULL_CONVERSION = YES;
				CLANG_WARN_OBJC_IMPLICIT_RETAIN_SELF = YES;
				CLANG_WARN_OBJC_LITERAL_CONVERSION = YES;
				CLANG_WARN_OBJC_ROOT_CLASS = YES_ERROR;
				CLANG_WARN_RANGE_LOOP_ANALYSIS = YES;
				CLANG_WARN_STRICT_PROTOTYPES = YES;
				CLANG_WARN_SUSPICIOUS_MOVE = YES;
				CLANG_WARN_UNGUARDED_AVAILABILITY = YES_AGGRESSIVE;
				CLANG_WARN_UNREACHABLE_CODE = YES;
				CLANG_WARN__DUPLICATE_METHOD_MATCH = YES;
				CODE_SIGN_IDENTITY = "iPhone Developer";
				COPY_PHASE_STRIP = NO;
				DEBUG_INFORMATION_FORMAT = dwarf;
				ENABLE_STRICT_OBJC_MSGSEND = YES;
				ENABLE_TESTABILITY = YES;
				GCC_C_LANGUAGE_STANDARD = gnu11;
				GCC_DYNAMIC_NO_PIC = NO;
				GCC_NO_COMMON_BLOCKS = YES;
				GCC_OPTIMIZATION_LEVEL = 0;
				GCC_PREPROCESSOR_DEFINITIONS = (
					"DEBUG=1",
					"$(inherited)",
				);
				GCC_WARN_64_TO_32_BIT_CONVERSION = YES;
				GCC_WARN_ABOUT_RETURN_TYPE = YES_ERROR;
				GCC_WARN_UNDECLARED_SELECTOR = YES;
				GCC_WARN_UNINITIALIZED_AUTOS = YES_AGGRESSIVE;
				GCC_WARN_UNUSED_FUNCTION = YES;
				GCC_WARN_UNUSED_VARIABLE = YES;
				IPHONEOS_DEPLOYMENT_TARGET = 11.4;
				MTL_ENABLE_DEBUG_INFO = YES;
				ONLY_ACTIVE_ARCH = YES;
				SDKROOT = iphoneos;
			};
			name = Debug;
		};
		AA867FB5218C7ABE0000BD60 /* Release */ = {
			isa = XCBuildConfiguration;
			buildSettings = {
				ALWAYS_SEARCH_USER_PATHS = NO;
				CLANG_ANALYZER_NONNULL = YES;
				CLANG_ANALYZER_NUMBER_OBJECT_CONVERSION = YES_AGGRESSIVE;
				CLANG_CXX_LANGUAGE_STANDARD = "gnu++14";
				CLANG_CXX_LIBRARY = "libc++";
				CLANG_ENABLE_MODULES = YES;
				CLANG_ENABLE_OBJC_ARC = YES;
				CLANG_ENABLE_OBJC_WEAK = YES;
				CLANG_WARN_BLOCK_CAPTURE_AUTORELEASING = YES;
				CLANG_WARN_BOOL_CONVERSION = YES;
				CLANG_WARN_COMMA = YES;
				CLANG_WARN_CONSTANT_CONVERSION = YES;
				CLANG_WARN_DEPRECATED_OBJC_IMPLEMENTATIONS = YES;
				CLANG_WARN_DIRECT_OBJC_ISA_USAGE = YES_ERROR;
				CLANG_WARN_DOCUMENTATION_COMMENTS = YES;
				CLANG_WARN_EMPTY_BODY = YES;
				CLANG_WARN_ENUM_CONVERSION = YES;
				CLANG_WARN_INFINITE_RECURSION = YES;
				CLANG_WARN_INT_CONVERSION = YES;
				CLANG_WARN_NON_LITERAL_NULL_CONVERSION = YES;
				CLANG_WARN_OBJC_IMPLICIT_RETAIN_SELF = YES;
				CLANG_WARN_OBJC_LITERAL_CONVERSION = YES;
				CLANG_WARN_OBJC_ROOT_CLASS = YES_ERROR;
				CLANG_WARN_RANGE_LOOP_ANALYSIS = YES;
				CLANG_WARN_STRICT_PROTOTYPES = YES;
				CLANG_WARN_SUSPICIOUS_MOVE = YES;
				CLANG_WARN_UNGUARDED_AVAILABILITY = YES_AGGRESSIVE;
				CLANG_WARN_UNREACHABLE_CODE = YES;
				CLANG_WARN__DUPLICATE_METHOD_MATCH = YES;
				CODE_SIGN_IDENTITY = "iPhone Developer";
				COPY_PHASE_STRIP = NO;
				DEBUG_INFORMATION_FORMAT = "dwarf-with-dsym";
				ENABLE_NS_ASSERTIONS = NO;
				ENABLE_STRICT_OBJC_MSGSEND = YES;
				GCC_C_LANGUAGE_STANDARD = gnu11;
				GCC_NO_COMMON_BLOCKS = YES;
				GCC_WARN_64_TO_32_BIT_CONVERSION = YES;
				GCC_WARN_ABOUT_RETURN_TYPE = YES_ERROR;
				GCC_WARN_UNDECLARED_SELECTOR = YES;
				GCC_WARN_UNINITIALIZED_AUTOS = YES_AGGRESSIVE;
				GCC_WARN_UNUSED_FUNCTION = YES;
				GCC_WARN_UNUSED_VARIABLE = YES;
				IPHONEOS_DEPLOYMENT_TARGET = 11.4;
				MTL_ENABLE_DEBUG_INFO = NO;
				SDKROOT = iphoneos;
				VALIDATE_PRODUCT = YES;
			};
			name = Release;
		};
		AA867FB7218C7ABE0000BD60 /* Debug */ = {
			isa = XCBuildConfiguration;
			buildSettings = {
				ASSETCATALOG_COMPILER_APPICON_NAME = AppIcon;
				CLANG_LINK_OBJC_RUNTIME = YES;
				CODE_SIGN_STYLE = Automatic;
				GCC_TREAT_WARNINGS_AS_ERRORS = YES;
				INFOPLIST_FILE = TestDemo/Info.plist;
				LD_RUNPATH_SEARCH_PATHS = (
					"$(inherited)",
					"@executable_path/Frameworks",
				);
				LIBRARY_SEARCH_PATHS = (
					"$(inherited)",
					"$(PROJECT_DIR)",
					"$(PROJECT_DIR)/LibA",
					"$(PROJECT_DIR)/LibB",
				);
				OTHER_CFLAGS = (
					"-Weverything",
					"-Wno-error",
				);
				OTHER_LDFLAGS = "-objc";
				OTHER_LIBTOOLFLAGS = "-Weverything";
				PRODUCT_BUNDLE_IDENTIFIER = com.ganjie.iphone.nhzg.TestDemo;
				PRODUCT_NAME = "$(TARGET_NAME)";
				TARGETED_DEVICE_FAMILY = "1,2";
				WARNING_CFLAGS = (
					"-Weverything",
					"-Wno-error",
				);
				WARNING_LDFLAGS = "-Weverything";
			};
			name = Debug;
		};
		AA867FB8218C7ABE0000BD60 /* Release */ = {
			isa = XCBuildConfiguration;
			buildSettings = {
				ASSETCATALOG_COMPILER_APPICON_NAME = AppIcon;
				CLANG_LINK_OBJC_RUNTIME = YES;
				CODE_SIGN_STYLE = Automatic;
				GCC_TREAT_WARNINGS_AS_ERRORS = YES;
				INFOPLIST_FILE = TestDemo/Info.plist;
				LD_RUNPATH_SEARCH_PATHS = (
					"$(inherited)",
					"@executable_path/Frameworks",
				);
				LIBRARY_SEARCH_PATHS = (
					"$(inherited)",
					"$(PROJECT_DIR)",
					"$(PROJECT_DIR)/LibA",
					"$(PROJECT_DIR)/LibB",
				);
				OTHER_CFLAGS = (
					"-Weverything",
					"-Wno-error",
				);
				OTHER_LDFLAGS = "-objc";
				OTHER_LIBTOOLFLAGS = "-Weverything";
				PRODUCT_BUNDLE_IDENTIFIER = com.ganjie.iphone.nhzg.TestDemo;
				PRODUCT_NAME = "$(TARGET_NAME)";
				TARGETED_DEVICE_FAMILY = "1,2";
				WARNING_CFLAGS = (
					"-Weverything",
					"-Wno-error",
				);
				WARNING_LDFLAGS = "-Weverything";
			};
			name = Release;
		};
		AA867FBA218C7ABE0000BD60 /* Debug */ = {
			isa = XCBuildConfiguration;
			buildSettings = {
				BUNDLE_LOADER = "$(TEST_HOST)";
				CODE_SIGN_STYLE = Automatic;
				INFOPLIST_FILE = TestDemoTests/Info.plist;
				LD_RUNPATH_SEARCH_PATHS = (
					"$(inherited)",
					"@executable_path/Frameworks",
					"@loader_path/Frameworks",
				);
				PRODUCT_BUNDLE_IDENTIFIER = com.ganjie.iphone.nhzg.TestDemoTests;
				PRODUCT_NAME = "$(TARGET_NAME)";
				TARGETED_DEVICE_FAMILY = "1,2";
				TEST_HOST = "$(BUILT_PRODUCTS_DIR)/TestDemo.app/TestDemo";
			};
			name = Debug;
		};
		AA867FBB218C7ABE0000BD60 /* Release */ = {
			isa = XCBuildConfiguration;
			buildSettings = {
				BUNDLE_LOADER = "$(TEST_HOST)";
				CODE_SIGN_STYLE = Automatic;
				INFOPLIST_FILE = TestDemoTests/Info.plist;
				LD_RUNPATH_SEARCH_PATHS = (
					"$(inherited)",
					"@executable_path/Frameworks",
					"@loader_path/Frameworks",
				);
				PRODUCT_BUNDLE_IDENTIFIER = com.ganjie.iphone.nhzg.TestDemoTests;
				PRODUCT_NAME = "$(TARGET_NAME)";
				TARGETED_DEVICE_FAMILY = "1,2";
				TEST_HOST = "$(BUILT_PRODUCTS_DIR)/TestDemo.app/TestDemo";
			};
			name = Release;
		};
		AA867FBD218C7ABE0000BD60 /* Debug */ = {
			isa = XCBuildConfiguration;
			buildSettings = {
				CODE_SIGN_STYLE = Automatic;
				INFOPLIST_FILE = TestDemoUITests/Info.plist;
				LD_RUNPATH_SEARCH_PATHS = (
					"$(inherited)",
					"@executable_path/Frameworks",
					"@loader_path/Frameworks",
				);
				PRODUCT_BUNDLE_IDENTIFIER = com.ganjie.iphone.nhzg.TestDemoUITests;
				PRODUCT_NAME = "$(TARGET_NAME)";
				TARGETED_DEVICE_FAMILY = "1,2";
				TEST_TARGET_NAME = TestDemo;
			};
			name = Debug;
		};
		AA867FBE218C7ABE0000BD60 /* Release */ = {
			isa = XCBuildConfiguration;
			buildSettings = {
				CODE_SIGN_STYLE = Automatic;
				INFOPLIST_FILE = TestDemoUITests/Info.plist;
				LD_RUNPATH_SEARCH_PATHS = (
					"$(inherited)",
					"@executable_path/Frameworks",
					"@loader_path/Frameworks",
				);
				PRODUCT_BUNDLE_IDENTIFIER = com.ganjie.iphone.nhzg.TestDemoUITests;
				PRODUCT_NAME = "$(TARGET_NAME)";
				TARGETED_DEVICE_FAMILY = "1,2";
				TEST_TARGET_NAME = TestDemo;
			};
			name = Release;
		};
/* End XCBuildConfiguration section */

/* Begin XCConfigurationList section */
		AA867F85218C7ABE0000BD60 /* Build configuration list for PBXProject "TestDemo" */ = {
			isa = XCConfigurationList;
			buildConfigurations = (
				AA867FB4218C7ABE0000BD60 /* Debug */,
				AA867FB5218C7ABE0000BD60 /* Release */,
			);
			defaultConfigurationIsVisible = 0;
			defaultConfigurationName = Release;
		};
		AA867FB6218C7ABE0000BD60 /* Build configuration list for PBXNativeTarget "TestDemo" */ = {
			isa = XCConfigurationList;
			buildConfigurations = (
				AA867FB7218C7ABE0000BD60 /* Debug */,
				AA867FB8218C7ABE0000BD60 /* Release */,
			);
			defaultConfigurationIsVisible = 0;
			defaultConfigurationName = Release;
		};
		AA867FB9218C7ABE0000BD60 /* Build configuration list for PBXNativeTarget "TestDemoTests" */ = {
			isa = XCConfigurationList;
			buildConfigurations = (
				AA867FBA218C7ABE0000BD60 /* Debug */,
				AA867FBB218C7ABE0000BD60 /* Release */,
			);
			defaultConfigurationIsVisible = 0;
			defaultConfigurationName = Release;
		};
		AA867FBC218C7ABE0000BD60 /* Build configuration list for PBXNativeTarget "TestDemoUITests" */ = {
			isa = XCConfigurationList;
			buildConfigurations = (
				AA867FBD218C7ABE0000BD60 /* Debug */,
				AA867FBE218C7ABE0000BD60 /* Release */,
			);
			defaultConfigurationIsVisible = 0;
			defaultConfigurationName = Release;
		};
/* End XCConfigurationList section */
	};
	rootObject = AA867F82218C7ABE0000BD60 /* Project object */;
}
